<?xml version="1.0" encoding="utf-8"?>
<Project ToolsVersion="4.0" xmlns="http://schemas.microsoft.com/developer/msbuild/2003">
  <ItemGroup>
    <Filter Include="include">
      <UniqueIdentifier>{89AF369E-F58E-B539-FEA6-40106A051C9B}</UniqueIdentifier>
    </Filter>
    <Filter Include="source">
      <UniqueIdentifier>{76FF3A1C-62A1-65F2-4B5C-7946379DEC42}</UniqueIdentifier>
    </Filter>
  </ItemGroup>
  <ItemGroup>
    <ClInclude Include="..\include\camera.h">
      <Filter>include</Filter>
    </ClInclude>
    <ClInclude Include="..\include\editor_tile.h">
      <Filter>include</Filter>
    </ClInclude>
    <ClInclude Include="..\include\fileSystem.h">
      <Filter>include</Filter>
    </ClInclude>
    <ClInclude Include="..\include\gui.h">
      <Filter>include</Filter>
    </ClInclude>
    <ClInclude Include="..\include\input.h">
      <Filter>include</Filter>
    </ClInclude>
    <ClInclude Include="..\include\level_view.h">
      <Filter>include</Filter>
    </ClInclude>
    <ClInclude Include="..\include\main.h">
      <Filter>include</Filter>
    </ClInclude>
    <ClInclude Include="..\include\render.h">
      <Filter>include</Filter>
    </ClInclude>
    <ClInclude Include="..\include\shader.h">
      <Filter>include</Filter>
    </ClInclude>
    <ClInclude Include="..\include\stb_image.h">
      <Filter>include</Filter>
    </ClInclude>
    <ClInclude Include="..\include\textures.h">
      <Filter>include</Filter>
    </ClInclude>
    <ClInclude Include="..\include\window.h">
      <Filter>include</Filter>
    </ClInclude>
  </ItemGroup>
  <ItemGroup>
    <ClCompile Include="..\source\ImGuiFileDialog.cpp">
      <Filter>source</Filter>
    </ClCompile>
    <ClCompile Include="..\source\blf_converter.cpp">
      <Filter>source</Filter>
    </ClCompile>
    <ClCompile Include="..\source\editor_tile.cpp">
      <Filter>source</Filter>
    </ClCompile>
    <ClCompile Include="..\source\fileSystem.cpp">
      <Filter>source</Filter>
    </ClCompile>
    <ClCompile Include="..\source\gui.cpp">
      <Filter>source</Filter>
    </ClCompile>
    <ClCompile Include="..\source\imgui_demo.cpp">
      <Filter>source</Filter>
    </ClCompile>
    <ClCompile Include="..\source\input.cpp">
      <Filter>source</Filter>
    </ClCompile>
    <ClCompile Include="..\source\level_view.cpp">
      <Filter>source</Filter>
    </ClCompile>
    <ClCompile Include="..\source\main.cpp">
      <Filter>source</Filter>
    </ClCompile>
    <ClCompile Include="..\source\render.cpp">
      <Filter>source</Filter>
    </ClCompile>
    <ClCompile Include="..\source\textures.cpp">
      <Filter>source</Filter>
    </ClCompile>
    <ClCompile Include="..\source\window.cpp">
      <Filter>source</Filter>
    </ClCompile>
  </ItemGroup>
</Project>